{
  "name": "bmz-datatable-bs4",
  "version": "0.0.1",
  "lockfileVersion": 1,
  "requires": true,
  "dependencies": {
    "@types/bootstrap": {
      "version": "4.1.2",
      "resolved": "https://registry.npmjs.org/@types/bootstrap/-/bootstrap-4.1.2.tgz",
      "integrity": "sha512-BiC/IxqyLS68UFp71t2Px80ql/FpaUKSy469aa6HTDFRkv/FvdzRZjF6ifDql/VKSLyin5AZa/yARLetMFM4rQ==",
      "requires": {
        "@types/jquery": "*",
        "popper.js": "^1.14.1"
      }
    },
    "@types/jquery": {
      "version": "3.3.21",
      "resolved": "https://registry.npmjs.org/@types/jquery/-/jquery-3.3.21.tgz",
      "integrity": "sha512-elpRQ9RYn75XJul/PHnklyXKNNWBNOFi8Rcq9wwpAhllHFsf3ke5+32/TMUdMBOfTYk5n+uM2uleWOS9X0MA0g==",
      "requires": {
        "@types/sizzle": "*"
      }
    },
    "@types/node": {
      "version": "10.12.0",
      "resolved": "https://registry.npmjs.org/@types/node/-/node-10.12.0.tgz",
      "integrity": "sha512-3TUHC3jsBAB7qVRGxT6lWyYo2v96BMmD2PTcl47H25Lu7UXtFH/2qqmKiVrnel6Ne//0TFYf6uvNX+HW2FRkLQ==",
      "dev": true
    },
    "@types/sizzle": {
      "version": "2.3.2",
      "resolved": "https://registry.npmjs.org/@types/sizzle/-/sizzle-2.3.2.tgz",
      "integrity": "sha512-7EJYyKTL7tFR8+gDbB6Wwz/arpGa0Mywk1TJbNzKzHtzbwVmY4HR9WqS5VV7dsBUKQmPNr192jHr/VpBluj/hg=="
    },
    "acorn": {
      "version": "5.7.3",
      "resolved": "https://registry.npmjs.org/acorn/-/acorn-5.7.3.tgz",
      "integrity": "sha512-T/zvzYRfbVojPWahDsE5evJdHb3oJoQfFbsrKM7w5Zcs++Tr257tia3BmMP8XYVjp1S9RZXQMh7gao96BlqZOw=="
    },
    "amdefine": {
      "version": "1.0.1",
      "resolved": "https://registry.npmjs.org/amdefine/-/amdefine-1.0.1.tgz",
      "integrity": "sha1-SlKCrBZHKek2Gbz9OtFR+BfOkfU=",
      "optional": true
    },
    "ast-transform": {
      "version": "0.0.0",
      "resolved": "https://registry.npmjs.org/ast-transform/-/ast-transform-0.0.0.tgz",
      "integrity": "sha1-dJRAWIh9goPhidlUYAlHvJj+AGI=",
      "requires": {
        "escodegen": "~1.2.0",
        "esprima": "~1.0.4",
        "through": "~2.3.4"
      },
      "dependencies": {
        "escodegen": {
          "version": "1.2.0",
          "resolved": "https://registry.npmjs.org/escodegen/-/escodegen-1.2.0.tgz",
          "integrity": "sha1-Cd55Z3kcyVi3+Jot220jRRrzJ+E=",
          "requires": {
            "esprima": "~1.0.4",
            "estraverse": "~1.5.0",
            "esutils": "~1.0.0",
            "source-map": "~0.1.30"
          }
        },
        "esprima": {
          "version": "1.0.4",
          "resolved": "https://registry.npmjs.org/esprima/-/esprima-1.0.4.tgz",
          "integrity": "sha1-n1V+CPw7TSbs6d00+Pv0drYlha0="
        },
        "estraverse": {
          "version": "1.5.1",
          "resolved": "https://registry.npmjs.org/estraverse/-/estraverse-1.5.1.tgz",
          "integrity": "sha1-hno+jlip+EYYr7bC3bzZFrfLr3E="
        },
        "esutils": {
          "version": "1.0.0",
          "resolved": "https://registry.npmjs.org/esutils/-/esutils-1.0.0.tgz",
          "integrity": "sha1-gVHTWOIMisx/t0XnRywAJf5JZXA="
        },
        "source-map": {
          "version": "0.1.43",
          "resolved": "https://registry.npmjs.org/source-map/-/source-map-0.1.43.tgz",
          "integrity": "sha1-wkvBRspRfBRx9drL4lcbK3+eM0Y=",
          "optional": true,
          "requires": {
            "amdefine": ">=0.0.4"
          }
        }
      }
    },
    "ast-types": {
      "version": "0.7.8",
      "resolved": "http://registry.npmjs.org/ast-types/-/ast-types-0.7.8.tgz",
      "integrity": "sha1-kC0uDWDQcb3NRtwRXhgJ7RHBOKk="
    },
    "babel-runtime": {
      "version": "6.26.0",
      "resolved": "https://registry.npmjs.org/babel-runtime/-/babel-runtime-6.26.0.tgz",
      "integrity": "sha1-llxwWGaOgrVde/4E/yM3vItWR/4=",
      "requires": {
        "core-js": "^2.4.0",
        "regenerator-runtime": "^0.11.0"
      },
      "dependencies": {
        "core-js": {
          "version": "2.5.7",
          "resolved": "https://registry.npmjs.org/core-js/-/core-js-2.5.7.tgz",
          "integrity": "sha512-RszJCAxg/PP6uzXVXL6BsxSXx/B05oJAQ2vkJRjyjrEcNVycaqOmNb5OTxZPE3xa5gwZduqza6L9JOCenh/Ecw=="
        }
      }
    },
    "base64-js": {
      "version": "0.0.8",
      "resolved": "https://registry.npmjs.org/base64-js/-/base64-js-0.0.8.tgz",
      "integrity": "sha1-EQHpVE9KdrG8OybUUsqW16NeeXg="
    },
    "bootstrap": {
      "version": "4.1.3",
      "resolved": "https://registry.npmjs.org/bootstrap/-/bootstrap-4.1.3.tgz",
      "integrity": "sha512-rDFIzgXcof0jDyjNosjv4Sno77X4KuPeFxG2XZZv1/Kc8DRVGVADdoQyyOVDwPqL36DDmtCQbrpMCqvpPLJQ0w=="
    },
    "brfs": {
      "version": "1.6.1",
      "resolved": "https://registry.npmjs.org/brfs/-/brfs-1.6.1.tgz",
      "integrity": "sha512-OfZpABRQQf+Xsmju8XE9bDjs+uU4vLREGolP7bDgcpsI17QREyZ4Bl+2KLxxx1kCgA0fAIhKQBaBYh+PEcCqYQ==",
      "requires": {
        "quote-stream": "^1.0.1",
        "resolve": "^1.1.5",
        "static-module": "^2.2.0",
        "through2": "^2.0.0"
      }
    },
    "brotli": {
      "version": "1.3.2",
      "resolved": "https://registry.npmjs.org/brotli/-/brotli-1.3.2.tgz",
      "integrity": "sha1-UlqcrU/LqWR119OI9q7LE+7VL0Y=",
      "requires": {
        "base64-js": "^1.1.2"
      },
      "dependencies": {
        "base64-js": {
          "version": "1.3.0",
          "resolved": "https://registry.npmjs.org/base64-js/-/base64-js-1.3.0.tgz",
          "integrity": "sha512-ccav/yGvoa80BQDljCxsmmQ3Xvx60/UpBIij5QN21W3wBi/hhIC9OoO+KLpu9IJTS9j4DRVJ3aDDF9cMSoa2lw=="
        }
      }
    },
    "browser-resolve": {
      "version": "1.11.3",
      "resolved": "https://registry.npmjs.org/browser-resolve/-/browser-resolve-1.11.3.tgz",
      "integrity": "sha512-exDi1BYWB/6raKHmDTCicQfTkqwN5fioMFV4j8BsfMU4R2DK/QfZfK7kOVkmWCNANf0snkBzqGqAJBao9gZMdQ==",
      "requires": {
        "resolve": "1.1.7"
      },
      "dependencies": {
        "resolve": {
          "version": "1.1.7",
          "resolved": "https://registry.npmjs.org/resolve/-/resolve-1.1.7.tgz",
          "integrity": "sha1-IDEU2CrSxe2ejgQRs5ModeiJ6Xs="
        }
      }
    },
    "browserify-optional": {
      "version": "1.0.1",
      "resolved": "https://registry.npmjs.org/browserify-optional/-/browserify-optional-1.0.1.tgz",
      "integrity": "sha1-HhNyLP3g2F8SFnbCpyztUzoBiGk=",
      "requires": {
        "ast-transform": "0.0.0",
        "ast-types": "^0.7.0",
        "browser-resolve": "^1.8.1"
      }
    },
    "buffer-equal": {
      "version": "0.0.1",
      "resolved": "https://registry.npmjs.org/buffer-equal/-/buffer-equal-0.0.1.tgz",
      "integrity": "sha1-kbx0sR6kBbyRa8aqkI+q+ltKrEs="
    },
    "buffer-from": {
      "version": "1.1.1",
      "resolved": "https://registry.npmjs.org/buffer-from/-/buffer-from-1.1.1.tgz",
      "integrity": "sha512-MQcXEUbCKtEo7bhqEs6560Hyd4XaovZlO/k9V3hjVUF/zwW7KBVdSK4gIt/bzwS9MbR5qob+F5jusZsb0YQK2A=="
    },
    "clone": {
      "version": "1.0.4",
      "resolved": "https://registry.npmjs.org/clone/-/clone-1.0.4.tgz",
      "integrity": "sha1-2jCcwmPfFZlMaIypAheco8fNfH4="
    },
    "concat-stream": {
      "version": "1.6.2",
      "resolved": "https://registry.npmjs.org/concat-stream/-/concat-stream-1.6.2.tgz",
      "integrity": "sha512-27HBghJxjiZtIk3Ycvn/4kbJk/1uZuJFfuPEns6LaEvpvG1f0hTea8lilrouyo9mVc2GWdcEZ8OLoGmSADlrCw==",
      "requires": {
        "buffer-from": "^1.0.0",
        "inherits": "^2.0.3",
        "readable-stream": "^2.2.2",
        "typedarray": "^0.0.6"
      },
      "dependencies": {
        "process-nextick-args": {
          "version": "2.0.0",
          "resolved": "https://registry.npmjs.org/process-nextick-args/-/process-nextick-args-2.0.0.tgz",
          "integrity": "sha512-MtEC1TqN0EU5nephaJ4rAtThHtC86dNN9qCuEhtshvpVBkAW5ZO7BASN9REnF9eoXGcRub+pFuKEpOHE+HbEMw=="
        },
        "readable-stream": {
          "version": "2.3.6",
          "resolved": "http://registry.npmjs.org/readable-stream/-/readable-stream-2.3.6.tgz",
          "integrity": "sha512-tQtKA9WIAhBF3+VLAseyMqZeBjW0AHJoxOtYqSUZNJxauErmLbVm2FW1y+J/YA9dUrAC39ITejlZWhVIwawkKw==",
          "requires": {
            "core-util-is": "~1.0.0",
            "inherits": "~2.0.3",
            "isarray": "~1.0.0",
            "process-nextick-args": "~2.0.0",
            "safe-buffer": "~5.1.1",
            "string_decoder": "~1.1.1",
            "util-deprecate": "~1.0.1"
          }
        },
        "string_decoder": {
          "version": "1.1.1",
          "resolved": "https://registry.npmjs.org/string_decoder/-/string_decoder-1.1.1.tgz",
          "integrity": "sha512-n/ShnvDi6FHbbVfviro+WojiFzv+s8MPMHBczVePfUpDJLwoLT0ht1l4YwBCbi8pJAveEEdnkHyPyTP/mzRfwg==",
          "requires": {
            "safe-buffer": "~5.1.0"
          }
        }
      }
    },
    "convert-source-map": {
      "version": "1.6.0",
      "resolved": "https://registry.npmjs.org/convert-source-map/-/convert-source-map-1.6.0.tgz",
      "integrity": "sha512-eFu7XigvxdZ1ETfbgPBohgyQ/Z++C0eEhTor0qRwBw9unw+L0/6V8wkSuGgzdThkiS5lSpdptOQPD8Ak40a+7A==",
      "requires": {
        "safe-buffer": "~5.1.1"
      }
    },
    "core-js": {
      "version": "2.3.0",
      "resolved": "https://registry.npmjs.org/core-js/-/core-js-2.3.0.tgz",
      "integrity": "sha1-+rg/uwstjchfpjbEudNMdUIMbWU="
    },
    "core-util-is": {
      "version": "1.0.2",
      "resolved": "https://registry.npmjs.org/core-util-is/-/core-util-is-1.0.2.tgz",
      "integrity": "sha1-tf1UIgqivFq1eqtxQMlAdUUDwac="
    },
    "data": {
      "version": "0.6.1",
      "resolved": "https://registry.npmjs.org/data/-/data-0.6.1.tgz",
      "integrity": "sha1-82OwciT0jnz9cdPfRsSxH2+OX3U=",
      "requires": {
        "underscore": "^1.9.1"
      }
    },
    "datatables.net": {
      "version": "1.10.19",
      "resolved": "https://registry.npmjs.org/datatables.net/-/datatables.net-1.10.19.tgz",
      "integrity": "sha512-+ljXcI6Pj3PTGy5pesp3E5Dr3x3AV45EZe0o1r0gKENN2gafBKXodVnk2ypKwl2tTmivjxbkiqoWnipTefyBTA==",
      "requires": {
        "jquery": ">=1.7"
      }
    },
    "datatables.net-autofill": {
      "version": "2.3.2",
      "resolved": "https://registry.npmjs.org/datatables.net-autofill/-/datatables.net-autofill-2.3.2.tgz",
      "integrity": "sha512-34myYoVhF4YdBeOFM351oBAbyW9IZzosDxAScXPq11V8XXUMoh3dA7X6YrKo6VZlDqp5o6k/QLZaPBVAtdXWjA==",
      "requires": {
        "datatables.net": "^1.10.15",
        "jquery": ">=1.7"
      }
    },
    "datatables.net-autofill-bs4": {
      "version": "2.3.2",
      "resolved": "https://registry.npmjs.org/datatables.net-autofill-bs4/-/datatables.net-autofill-bs4-2.3.2.tgz",
      "integrity": "sha512-CF3PVbEM2zinduDM+R+8cGKfCpvqCP4r5uScV2fD8yVF3WZWCv5C+Gdso4CxnHD4dHtjWCZY8/Oppzu99mKCdg==",
      "requires": {
        "datatables.net-autofill": "2.3.2",
        "datatables.net-bs4": "^1.10.15",
        "jquery": ">=1.7"
      }
    },
    "datatables.net-bs4": {
      "version": "1.10.19",
      "resolved": "https://registry.npmjs.org/datatables.net-bs4/-/datatables.net-bs4-1.10.19.tgz",
      "integrity": "sha512-pgeP17w4aPR7HIxIwuJghfqXULjdg1K6xMUUKDyCERJRSNNK4MRToFfELtIsluLNN555YBK4Kx8nihX5/ZT1Fw==",
      "requires": {
        "datatables.net": "1.10.19",
        "jquery": ">=1.7"
      }
    },
    "datatables.net-buttons": {
      "version": "1.5.4",
      "resolved": "https://registry.npmjs.org/datatables.net-buttons/-/datatables.net-buttons-1.5.4.tgz",
      "integrity": "sha512-xfo/23sGVXQW0kj2jLH6PzkhnXv+yGPrUXh7/ZT7xvCL1sNt8MLLf0tPLyrWynyeaew+Qvx5NBZer4MLxmisyw==",
      "requires": {
        "datatables.net": "^1.10.15",
        "jquery": ">=1.7"
      }
    },
    "datatables.net-buttons-bs4": {
      "version": "1.5.4",
      "resolved": "https://registry.npmjs.org/datatables.net-buttons-bs4/-/datatables.net-buttons-bs4-1.5.4.tgz",
      "integrity": "sha512-guPOv3boxG9pBuz1cmoWCJcPbrUDjbgaXpG+CJ2Fqto2r5EFZHob1/xb+OteKuI7HLWhO2Iswvf52hiMTpd26A==",
      "requires": {
        "datatables.net-bs4": "^1.10.15",
        "datatables.net-buttons": "1.5.4",
        "jquery": ">=1.7"
      }
    },
    "datatables.net-colreorder": {
      "version": "1.5.1",
      "resolved": "https://registry.npmjs.org/datatables.net-colreorder/-/datatables.net-colreorder-1.5.1.tgz",
      "integrity": "sha512-nKV0ZBOdOG+CCrtDZZlTOvhu9NC53pr4rYR8Xhd3KIKipLZohWWdBoOFGMu+VKDvllg2Xj79oS/wicYSiNyteA==",
      "requires": {
        "datatables.net": "^1.10.15",
        "jquery": ">=1.7"
      }
    },
    "datatables.net-colreorder-bs4": {
      "version": "1.5.1",
      "resolved": "https://registry.npmjs.org/datatables.net-colreorder-bs4/-/datatables.net-colreorder-bs4-1.5.1.tgz",
      "integrity": "sha512-mi5wxkjnkI8fxGJ9e/Vu20E7MMZj7yK3xjLIzDrsHOHQupr6FF6eJnUoVH4gDo9Ynfb/yApVbnuW29v/YjnDKw==",
      "requires": {
        "datatables.net-bs4": "^1.10.15",
        "datatables.net-colreorder": "1.5.1",
        "jquery": ">=1.7"
      }
    },
    "datatables.net-fixedcolumns": {
      "version": "3.2.6",
      "resolved": "https://registry.npmjs.org/datatables.net-fixedcolumns/-/datatables.net-fixedcolumns-3.2.6.tgz",
      "integrity": "sha512-PtEs2tllcHRVZj7fwmAQBWGJ5URRQZpDG2pJsh5jusvnRje3w1+KueMZm60iCtfOkIlUn+/j2+MghxLx/8yfKQ==",
      "requires": {
        "datatables.net": "^1.10.15",
        "jquery": ">=1.7"
      }
    },
    "datatables.net-fixedcolumns-bs4": {
      "version": "3.2.6",
      "resolved": "https://registry.npmjs.org/datatables.net-fixedcolumns-bs4/-/datatables.net-fixedcolumns-bs4-3.2.6.tgz",
      "integrity": "sha512-svG6/zQb1yZ3tLvBNeLxifVMfHQZSJL01sFuPoZztTpYK+QJ5thF0TbyCUEz9Kg/vQ2NPLPkX1uBBGj0IRkFPg==",
      "requires": {
        "datatables.net-bs4": "^1.10.15",
        "datatables.net-fixedcolumns": "3.2.6",
        "jquery": ">=1.7"
      }
    },
    "datatables.net-fixedheader": {
      "version": "3.1.5",
      "resolved": "https://registry.npmjs.org/datatables.net-fixedheader/-/datatables.net-fixedheader-3.1.5.tgz",
      "integrity": "sha512-k5Hdj9uDe9iodr/F5Upq7D3rkO6Cw6XpnPRlfk38B0Imb+Fqe7aB3Jn88A4D79Rbla3sqO3ifQOwWoO9qlHetA==",
      "requires": {
        "datatables.net": "^1.10.15",
        "jquery": ">=1.7"
      }
    },
    "datatables.net-fixedheader-bs4": {
      "version": "3.1.5",
      "resolved": "https://registry.npmjs.org/datatables.net-fixedheader-bs4/-/datatables.net-fixedheader-bs4-3.1.5.tgz",
      "integrity": "sha512-3hOgUNaYxloUMQUq/GyNFlJ6Ug5hehcggsELJcRkC3KH5C5VkQXJyu0TCMePHoWxUEFbQr+PpfTLpNB5YuD/HA==",
      "requires": {
        "datatables.net-bs4": "^1.10.15",
        "datatables.net-fixedheader": "3.1.5",
        "jquery": ">=1.7"
      }
    },
    "datatables.net-keytable": {
      "version": "2.5.0",
      "resolved": "https://registry.npmjs.org/datatables.net-keytable/-/datatables.net-keytable-2.5.0.tgz",
      "integrity": "sha512-1h9SpTAR0OU2UXv5NNruLPU2Pk/v0HZd20yc9RAofjkfGHsIIf6vFw8G2We7bY5jn7AbFIE9jNV2rnYDWeTbDg==",
      "requires": {
        "datatables.net": "^1.10.15",
        "jquery": ">=1.7"
      }
    },
    "datatables.net-keytable-bs4": {
      "version": "2.5.0",
      "resolved": "https://registry.npmjs.org/datatables.net-keytable-bs4/-/datatables.net-keytable-bs4-2.5.0.tgz",
      "integrity": "sha512-IAn252f+qowDhDor0JoV2Anst4YHTEXWr+BrqD5sXD5S2DgXHxV80BI9cTm976VlZIoo8ie5l9Lj4rCMIkFWrw==",
      "requires": {
        "datatables.net-bs4": "^1.10.15",
        "datatables.net-keytable": "2.5.0",
        "jquery": ">=1.7"
      }
    },
    "datatables.net-responsive": {
      "version": "2.2.3",
      "resolved": "https://registry.npmjs.org/datatables.net-responsive/-/datatables.net-responsive-2.2.3.tgz",
      "integrity": "sha512-8D6VtZcyuH3FG0Hn5A4LPZQEOX3+HrRFM7HjpmsQc/nQDBbdeBLkJX4Sh/o1nzFTSneuT1Wh/lYZHVPpjcN+Sw==",
      "requires": {
        "datatables.net": "^1.10.15",
        "jquery": ">=1.7"
      }
    },
    "datatables.net-responsive-bs4": {
      "version": "2.2.3",
      "resolved": "https://registry.npmjs.org/datatables.net-responsive-bs4/-/datatables.net-responsive-bs4-2.2.3.tgz",
      "integrity": "sha512-SQaWI0uLuPcaiBBin9zX+MuQfTSIkK1bYxbXqUV6NLkHCVa6PMQK7Rvftj0ywG4R7uOtjbzY8nSVqxEKvQI0Vg==",
      "requires": {
        "datatables.net-bs4": "^1.10.15",
        "datatables.net-responsive": "2.2.3",
        "jquery": ">=1.7"
      }
    },
    "datatables.net-rowgroup": {
      "version": "1.1.0",
      "resolved": "https://registry.npmjs.org/datatables.net-rowgroup/-/datatables.net-rowgroup-1.1.0.tgz",
      "integrity": "sha512-OPIiiMTbIoh1hSnJ9lx3avqKpYtEPux5iA6jpWKRdyKbdYU8UQbi5ht3b096frYQplIuAQnQcwqpGmvrf77l6g==",
      "requires": {
        "datatables.net": "^1.10.15",
        "jquery": ">=1.7"
      }
    },
    "datatables.net-rowgroup-bs4": {
      "version": "1.1.0",
      "resolved": "https://registry.npmjs.org/datatables.net-rowgroup-bs4/-/datatables.net-rowgroup-bs4-1.1.0.tgz",
      "integrity": "sha512-R2C+lLbVyPuyITVJo/1va97nHOcQ06M0kReTmN4zaR4/SRkFDfOVXz48w2jT1AJW/j65DYAh+OHwUSYgcgKisA==",
      "requires": {
        "datatables.net-bs4": "^1.10.15",
        "datatables.net-rowgroup": "1.1.0",
        "jquery": ">=1.7"
      }
    },
    "datatables.net-rowreorder": {
      "version": "1.2.5",
      "resolved": "https://registry.npmjs.org/datatables.net-rowreorder/-/datatables.net-rowreorder-1.2.5.tgz",
      "integrity": "sha512-FHFnEkOpbMk2BJCnRqi4A7lGE3VdiyHEnLRGVEieYH/7ohmJxgrhxHdWratXK4IMs8OvKw51epFeaAaMmXNlZQ==",
      "requires": {
        "datatables.net": "^1.10.15",
        "jquery": ">=1.7"
      }
    },
    "datatables.net-rowreorder-bs4": {
      "version": "1.2.5",
      "resolved": "https://registry.npmjs.org/datatables.net-rowreorder-bs4/-/datatables.net-rowreorder-bs4-1.2.5.tgz",
      "integrity": "sha512-ORiIMto3bXcfm7kLiJnOMKIQPQXTeJ4kUERS32pE1AglOodtxIqKiLQ1uB4pcyw7+YmM10i2mOEa0A0FbggJ4g==",
      "requires": {
        "datatables.net-bs4": "^1.10.15",
        "datatables.net-rowreorder": "1.2.5",
        "jquery": ">=1.7"
      }
    },
    "datatables.net-scroller": {
      "version": "1.5.1",
      "resolved": "https://registry.npmjs.org/datatables.net-scroller/-/datatables.net-scroller-1.5.1.tgz",
      "integrity": "sha512-aMUarBCREmrSLE0n0NBmOMI55Re+EV4KMpR1rMc2l8jhoE+UQWF1Xe0AYuR4342ybesb1WW8U3RVlLdS6gQCmg==",
      "requires": {
        "datatables.net": "^1.10.15",
        "jquery": ">=1.7"
      }
    },
    "datatables.net-scroller-bs4": {
      "version": "1.5.1",
      "resolved": "https://registry.npmjs.org/datatables.net-scroller-bs4/-/datatables.net-scroller-bs4-1.5.1.tgz",
      "integrity": "sha512-4EgGw7a88Npn1H1NQfplpzF1xAMP9URBabOP2zcNYEVzax8WJv/lkLZ5crVCIxGYq+JapLmk0Npvt+D6PnWKdg==",
      "requires": {
        "datatables.net-bs4": "^1.10.15",
        "datatables.net-scroller": "1.5.1",
        "jquery": ">=1.7"
      }
    },
    "datatables.net-select": {
      "version": "1.2.7",
      "resolved": "https://registry.npmjs.org/datatables.net-select/-/datatables.net-select-1.2.7.tgz",
      "integrity": "sha512-C3XDi7wpruGjDXV36dc9hN/FrAX9GOFvBZ7+KfKJTBNkGFbbhdzHS91SMeGiwRXPYivAyxfPTcVVndVaO83uBQ==",
      "requires": {
        "datatables.net": "^1.10.15",
        "jquery": ">=1.7"
      }
    },
    "datatables.net-select-bs4": {
      "version": "1.2.7",
      "resolved": "https://registry.npmjs.org/datatables.net-select-bs4/-/datatables.net-select-bs4-1.2.7.tgz",
      "integrity": "sha512-ch+PI9rcp7FAddgF7ZyUfqptoSq1Ck0FadL/HHh6X1xazT+VwZdPy+Gtt2qjMCZhJfCkzjAGxvi1Hk4aFgr3vg==",
      "requires": {
        "datatables.net-bs4": "^1.10.15",
        "datatables.net-select": "1.2.7",
        "jquery": ">=1.7"
      }
    },
    "deep-equal": {
      "version": "1.0.1",
      "resolved": "https://registry.npmjs.org/deep-equal/-/deep-equal-1.0.1.tgz",
      "integrity": "sha1-9dJgKStmDghO/0zbyfCK0yR0SLU="
    },
    "deep-is": {
      "version": "0.1.3",
      "resolved": "https://registry.npmjs.org/deep-is/-/deep-is-0.1.3.tgz",
      "integrity": "sha1-s2nW+128E+7PUk+RsHD+7cNXzzQ="
    },
    "dfa": {
      "version": "1.1.0",
      "resolved": "https://registry.npmjs.org/dfa/-/dfa-1.1.0.tgz",
      "integrity": "sha1-0wIYvRDQMPpCHfPrvIIoVGOjF4E=",
      "requires": {
        "babel-runtime": "^6.11.6"
      }
    },
    "duplexer2": {
      "version": "0.1.4",
      "resolved": "https://registry.npmjs.org/duplexer2/-/duplexer2-0.1.4.tgz",
      "integrity": "sha1-ixLauHjA1p4+eJEFFmKjL8a93ME=",
      "requires": {
        "readable-stream": "^2.0.2"
      }
    },
    "es6-promise": {
      "version": "3.0.2",
      "resolved": "http://registry.npmjs.org/es6-promise/-/es6-promise-3.0.2.tgz",
      "integrity": "sha1-AQ1YWEI6XxGJeWZfRkhqlcbuK7Y="
    },
    "escodegen": {
      "version": "1.9.1",
      "resolved": "https://registry.npmjs.org/escodegen/-/escodegen-1.9.1.tgz",
      "integrity": "sha512-6hTjO1NAWkHnDk3OqQ4YrCuwwmGHL9S3nPlzBOUG/R44rda3wLNrfvQ5fkSGjyhHFKM7ALPKcKGrwvCLe0lC7Q==",
      "requires": {
        "esprima": "^3.1.3",
        "estraverse": "^4.2.0",
        "esutils": "^2.0.2",
        "optionator": "^0.8.1",
        "source-map": "~0.6.1"
      }
    },
    "esprima": {
      "version": "3.1.3",
      "resolved": "https://registry.npmjs.org/esprima/-/esprima-3.1.3.tgz",
      "integrity": "sha1-/cpRzuYTOJXjyI1TXOSdv/YqRjM="
    },
    "estraverse": {
      "version": "4.2.0",
      "resolved": "https://registry.npmjs.org/estraverse/-/estraverse-4.2.0.tgz",
      "integrity": "sha1-De4/7TH81GlhjOc0IJn8GvoL2xM="
    },
    "esutils": {
      "version": "2.0.2",
      "resolved": "https://registry.npmjs.org/esutils/-/esutils-2.0.2.tgz",
      "integrity": "sha1-Cr9PHKpbyx96nYrMbepPqqBLrJs="
    },
    "falafel": {
      "version": "2.1.0",
      "resolved": "https://registry.npmjs.org/falafel/-/falafel-2.1.0.tgz",
      "integrity": "sha1-lrsXdh2rqU9G0AFzizzt86Z/4Gw=",
      "requires": {
        "acorn": "^5.0.0",
        "foreach": "^2.0.5",
        "isarray": "0.0.1",
        "object-keys": "^1.0.6"
      },
      "dependencies": {
        "isarray": {
          "version": "0.0.1",
          "resolved": "https://registry.npmjs.org/isarray/-/isarray-0.0.1.tgz",
          "integrity": "sha1-ihis/Kmo9Bd+Cav8YDiTmwXR7t8="
        }
      }
    },
    "fast-levenshtein": {
      "version": "2.0.6",
      "resolved": "https://registry.npmjs.org/fast-levenshtein/-/fast-levenshtein-2.0.6.tgz",
      "integrity": "sha1-PYpcZog6FqMMqGQ+hR8Zuqd5eRc="
    },
    "fontkit": {
      "version": "1.7.7",
      "resolved": "https://registry.npmjs.org/fontkit/-/fontkit-1.7.7.tgz",
      "integrity": "sha1-668tjz/t8wKuPGS0vurdwkf827E=",
      "requires": {
        "babel-runtime": "^6.11.6",
        "brfs": "^1.4.0",
        "brotli": "^1.2.0",
        "browserify-optional": "^1.0.0",
        "clone": "^1.0.1",
        "deep-equal": "^1.0.0",
        "dfa": "^1.0.0",
        "restructure": "^0.5.3",
        "tiny-inflate": "^1.0.2",
        "unicode-properties": "^1.0.0",
        "unicode-trie": "^0.3.0"
      }
    },
    "foreach": {
      "version": "2.0.5",
      "resolved": "https://registry.npmjs.org/foreach/-/foreach-2.0.5.tgz",
      "integrity": "sha1-C+4AUBiusmDQo6865ljdATbsG5k="
    },
    "function-bind": {
      "version": "1.1.1",
      "resolved": "https://registry.npmjs.org/function-bind/-/function-bind-1.1.1.tgz",
      "integrity": "sha512-yIovAzMX49sF8Yl58fSCWJ5svSLuaibPxXQJFLmBObTuCr0Mf1KiPopGM9NiFjiYBCbfaa2Fh6breQ6ANVTI0A=="
    },
    "has": {
      "version": "1.0.3",
      "resolved": "https://registry.npmjs.org/has/-/has-1.0.3.tgz",
      "integrity": "sha512-f2dvO0VU6Oej7RkWJGrehjbzMAjFp5/VKPp5tTpWIV4JHHZK1/BxbFRtf/siA2SWTe09caDmVtYYzWEIbBS4zw==",
      "requires": {
        "function-bind": "^1.1.1"
      }
    },
    "iconv-lite": {
      "version": "0.4.24",
      "resolved": "https://registry.npmjs.org/iconv-lite/-/iconv-lite-0.4.24.tgz",
      "integrity": "sha512-v3MXnZAcvnywkTUEZomIActle7RXXeedOR31wwl7VlyoXO4Qi9arvSenNQWne1TcRwhCL1HwLI21bEqdpj8/rA==",
      "requires": {
        "safer-buffer": ">= 2.1.2 < 3"
      }
    },
    "immediate": {
      "version": "3.0.6",
      "resolved": "https://registry.npmjs.org/immediate/-/immediate-3.0.6.tgz",
      "integrity": "sha1-nbHb0Pr43m++D13V5Wu2BigN5ps="
    },
    "inherits": {
      "version": "2.0.3",
      "resolved": "https://registry.npmjs.org/inherits/-/inherits-2.0.3.tgz",
      "integrity": "sha1-Yzwsg+PaQqUC9SRmAiSA9CCCYd4="
    },
    "isarray": {
      "version": "1.0.0",
      "resolved": "https://registry.npmjs.org/isarray/-/isarray-1.0.0.tgz",
      "integrity": "sha1-u5NdSFgsuhaMBoNJV6VKPgcSTxE="
    },
    "jquery": {
      "version": "3.3.1",
      "resolved": "https://registry.npmjs.org/jquery/-/jquery-3.3.1.tgz",
      "integrity": "sha512-Ubldcmxp5np52/ENotGxlLe6aGMvmF4R8S6tZjsP6Knsaxd/xp3Zrh50cG93lR6nPXyUFwzN3ZSOQI0wRJNdGg=="
    },
    "jszip": {
      "version": "3.1.5",
      "resolved": "https://registry.npmjs.org/jszip/-/jszip-3.1.5.tgz",
      "integrity": "sha512-5W8NUaFRFRqTOL7ZDDrx5qWHJyBXy6velVudIzQUSoqAAYqzSh2Z7/m0Rf1QbmQJccegD0r+YZxBjzqoBiEeJQ==",
      "requires": {
        "core-js": "~2.3.0",
        "es6-promise": "~3.0.2",
        "lie": "~3.1.0",
        "pako": "~1.0.2",
        "readable-stream": "~2.0.6"
      }
    },
    "levn": {
      "version": "0.3.0",
      "resolved": "https://registry.npmjs.org/levn/-/levn-0.3.0.tgz",
      "integrity": "sha1-OwmSTt+fCDwEkP3UwLxEIeBHZO4=",
      "requires": {
        "prelude-ls": "~1.1.2",
        "type-check": "~0.3.2"
      }
    },
    "lie": {
      "version": "3.1.1",
      "resolved": "https://registry.npmjs.org/lie/-/lie-3.1.1.tgz",
      "integrity": "sha1-mkNrLMd0bKWd56QfpGmz77dr2H4=",
      "requires": {
        "immediate": "~3.0.5"
      }
    },
    "linebreak": {
      "version": "0.3.0",
      "resolved": "https://registry.npmjs.org/linebreak/-/linebreak-0.3.0.tgz",
      "integrity": "sha1-BSZICmLAW9Z58+nZmDDgnGp9DtY=",
      "requires": {
        "base64-js": "0.0.8",
        "brfs": "^1.3.0",
        "unicode-trie": "^0.3.0"
      }
    },
    "magic-string": {
      "version": "0.22.5",
      "resolved": "http://registry.npmjs.org/magic-string/-/magic-string-0.22.5.tgz",
      "integrity": "sha512-oreip9rJZkzvA8Qzk9HFs8fZGF/u7H/gtrE8EN6RjKJ9kh2HlC+yQ2QezifqTZfGyiuAV0dRv5a+y/8gBb1m9w==",
      "requires": {
        "vlq": "^0.2.2"
      }
    },
    "merge-source-map": {
      "version": "1.0.4",
      "resolved": "https://registry.npmjs.org/merge-source-map/-/merge-source-map-1.0.4.tgz",
      "integrity": "sha1-pd5GU42uhNQRTMXqArR3KmNGcB8=",
      "requires": {
        "source-map": "^0.5.6"
      },
      "dependencies": {
        "source-map": {
          "version": "0.5.7",
          "resolved": "https://registry.npmjs.org/source-map/-/source-map-0.5.7.tgz",
          "integrity": "sha1-igOdLRAh0i0eoUyA2OpGi6LvP8w="
        }
      }
    },
    "minimist": {
      "version": "1.2.0",
      "resolved": "http://registry.npmjs.org/minimist/-/minimist-1.2.0.tgz",
      "integrity": "sha1-o1AIsg9BOD7sH7kU9M1d95omQoQ="
    },
    "object-inspect": {
      "version": "1.4.1",
      "resolved": "https://registry.npmjs.org/object-inspect/-/object-inspect-1.4.1.tgz",
      "integrity": "sha512-wqdhLpfCUbEsoEwl3FXwGyv8ief1k/1aUdIPCqVnupM6e8l63BEJdiF/0swtn04/8p05tG/T0FrpTlfwvljOdw=="
    },
    "object-keys": {
      "version": "1.0.12",
      "resolved": "https://registry.npmjs.org/object-keys/-/object-keys-1.0.12.tgz",
      "integrity": "sha512-FTMyFUm2wBcGHnH2eXmz7tC6IwlqQZ6mVZ+6dm6vZ4IQIHjs6FdNsQBuKGPuUUUY6NfJw2PshC08Tn6LzLDOag=="
    },
    "optionator": {
      "version": "0.8.2",
      "resolved": "https://registry.npmjs.org/optionator/-/optionator-0.8.2.tgz",
      "integrity": "sha1-NkxeQJ0/TWMB1sC0wFu6UBgK62Q=",
      "requires": {
        "deep-is": "~0.1.3",
        "fast-levenshtein": "~2.0.4",
        "levn": "~0.3.0",
        "prelude-ls": "~1.1.2",
        "type-check": "~0.3.2",
        "wordwrap": "~1.0.0"
      }
    },
    "pako": {
      "version": "1.0.6",
      "resolved": "https://registry.npmjs.org/pako/-/pako-1.0.6.tgz",
      "integrity": "sha512-lQe48YPsMJAig+yngZ87Lus+NF+3mtu7DVOBu6b/gHO1YpKwIj5AWjZ/TOS7i46HD/UixzWb1zeWDZfGZ3iYcg=="
    },
    "path-parse": {
      "version": "1.0.6",
      "resolved": "https://registry.npmjs.org/path-parse/-/path-parse-1.0.6.tgz",
      "integrity": "sha512-GSmOT2EbHrINBf9SR7CDELwlJ8AENk3Qn7OikK4nFYAu3Ote2+JYNVvkpAEQm3/TLNEJFD/xZJjzyxg3KBWOzw=="
    },
    "pdfkit": {
      "version": "0.8.3",
      "resolved": "https://registry.npmjs.org/pdfkit/-/pdfkit-0.8.3.tgz",
      "integrity": "sha1-7Jmlf8Vcowlyb4VkVtoUQY9TMOM=",
      "requires": {
        "fontkit": "^1.0.0",
        "linebreak": "^0.3.0",
        "png-js": ">=0.1.0"
      }
    },
    "pdfmake": {
      "version": "0.1.38",
      "resolved": "https://registry.npmjs.org/pdfmake/-/pdfmake-0.1.38.tgz",
      "integrity": "sha512-XGLF8n+Iez3rkktmuF71CNbEh6MwVXSUNCQZ9MYQBC4yc5pUWZrUeDxNa+FUBSI2OOq7rMMuZnvIusbcDqiGWg==",
      "requires": {
        "iconv-lite": "^0.4.24",
        "linebreak": "^0.3.0",
        "pdfkit": "^0.8.3"
      }
    },
    "png-js": {
      "version": "0.1.1",
      "resolved": "https://registry.npmjs.org/png-js/-/png-js-0.1.1.tgz",
      "integrity": "sha1-HMfCEjA6yr50Jj7DrHgAlYAkLZM="
    },
    "popper.js": {
      "version": "1.14.4",
      "resolved": "https://registry.npmjs.org/popper.js/-/popper.js-1.14.4.tgz",
      "integrity": "sha1-juwdj/AqWjoVLdQ0FKFce3n9abY="
    },
    "prelude-ls": {
      "version": "1.1.2",
      "resolved": "https://registry.npmjs.org/prelude-ls/-/prelude-ls-1.1.2.tgz",
      "integrity": "sha1-IZMqVJ9eUv/ZqCf1cOBL5iqX2lQ="
    },
    "process-nextick-args": {
      "version": "1.0.7",
      "resolved": "https://registry.npmjs.org/process-nextick-args/-/process-nextick-args-1.0.7.tgz",
      "integrity": "sha1-FQ4gt1ZZCtP5EJPyWk8q2L/zC6M="
    },
    "quote-stream": {
      "version": "1.0.2",
      "resolved": "https://registry.npmjs.org/quote-stream/-/quote-stream-1.0.2.tgz",
      "integrity": "sha1-hJY/jJwmuULhU/7rU6rnRlK34LI=",
      "requires": {
        "buffer-equal": "0.0.1",
        "minimist": "^1.1.3",
        "through2": "^2.0.0"
      }
    },
    "readable-stream": {
      "version": "2.0.6",
      "resolved": "http://registry.npmjs.org/readable-stream/-/readable-stream-2.0.6.tgz",
      "integrity": "sha1-j5A0HmilPMySh4jaz80Rs265t44=",
      "requires": {
        "core-util-is": "~1.0.0",
        "inherits": "~2.0.1",
        "isarray": "~1.0.0",
        "process-nextick-args": "~1.0.6",
        "string_decoder": "~0.10.x",
        "util-deprecate": "~1.0.1"
      }
    },
    "regenerator-runtime": {
      "version": "0.11.1",
      "resolved": "https://registry.npmjs.org/regenerator-runtime/-/regenerator-runtime-0.11.1.tgz",
      "integrity": "sha512-MguG95oij0fC3QV3URf4V2SDYGJhJnJGqvIIgdECeODCT98wSWDAJ94SSuVpYQUoTcGUIL6L4yNB7j1DFFHSBg=="
    },
    "resolve": {
      "version": "1.8.1",
      "resolved": "https://registry.npmjs.org/resolve/-/resolve-1.8.1.tgz",
      "integrity": "sha512-AicPrAC7Qu1JxPCZ9ZgCZlY35QgFnNqc+0LtbRNxnVw4TXvjQ72wnuL9JQcEBgXkI9JM8MsT9kaQoHcpCRJOYA==",
      "requires": {
        "path-parse": "^1.0.5"
      }
    },
    "restructure": {
      "version": "0.5.4",
      "resolved": "https://registry.npmjs.org/restructure/-/restructure-0.5.4.tgz",
      "integrity": "sha1-9U591WNZD7NP1r9Vh2EJrsyyjeg=",
      "requires": {
        "browserify-optional": "^1.0.0"
      }
    },
    "safe-buffer": {
      "version": "5.1.2",
      "resolved": "https://registry.npmjs.org/safe-buffer/-/safe-buffer-5.1.2.tgz",
      "integrity": "sha512-Gd2UZBJDkXlY7GbJxfsE8/nvKkUEU1G38c1siN6QP6a9PT9MmHB8GnpscSmMJSoF8LOIrt8ud/wPtojys4G6+g=="
    },
    "safer-buffer": {
      "version": "2.1.2",
      "resolved": "https://registry.npmjs.org/safer-buffer/-/safer-buffer-2.1.2.tgz",
      "integrity": "sha512-YZo3K82SD7Riyi0E1EQPojLz7kpepnSQI9IyPbHHg1XXXevb5dJI7tpyN2ADxGcQbHG7vcyRHk0cbwqcQriUtg=="
    },
    "shallow-copy": {
      "version": "0.0.1",
      "resolved": "https://registry.npmjs.org/shallow-copy/-/shallow-copy-0.0.1.tgz",
      "integrity": "sha1-QV9CcC1z2BAzApLMXuhurhoRoXA="
    },
    "source-map": {
      "version": "0.6.1",
      "resolved": "https://registry.npmjs.org/source-map/-/source-map-0.6.1.tgz",
      "integrity": "sha512-UjgapumWlbMhkBgzT7Ykc5YXUT46F0iKu8SGXq0bcwP5dz/h0Plj6enJqjz1Zbq2l5WaqYnrVbwWOWMyF3F47g==",
      "optional": true
    },
    "static-eval": {
      "version": "2.0.0",
      "resolved": "https://registry.npmjs.org/static-eval/-/static-eval-2.0.0.tgz",
      "integrity": "sha512-6flshd3F1Gwm+Ksxq463LtFd1liC77N/PX1FVVc3OzL3hAmo2fwHFbuArkcfi7s9rTNsLEhcRmXGFZhlgy40uw==",
      "requires": {
        "escodegen": "^1.8.1"
      }
    },
    "static-module": {
      "version": "2.2.5",
      "resolved": "https://registry.npmjs.org/static-module/-/static-module-2.2.5.tgz",
      "integrity": "sha512-D8vv82E/Kpmz3TXHKG8PPsCPg+RAX6cbCOyvjM6x04qZtQ47EtJFVwRsdov3n5d6/6ynrOY9XB4JkaZwB2xoRQ==",
      "requires": {
        "concat-stream": "~1.6.0",
        "convert-source-map": "^1.5.1",
        "duplexer2": "~0.1.4",
        "escodegen": "~1.9.0",
        "falafel": "^2.1.0",
        "has": "^1.0.1",
        "magic-string": "^0.22.4",
        "merge-source-map": "1.0.4",
        "object-inspect": "~1.4.0",
        "quote-stream": "~1.0.2",
        "readable-stream": "~2.3.3",
        "shallow-copy": "~0.0.1",
        "static-eval": "^2.0.0",
        "through2": "~2.0.3"
      },
      "dependencies": {
        "process-nextick-args": {
          "version": "2.0.0",
          "resolved": "https://registry.npmjs.org/process-nextick-args/-/process-nextick-args-2.0.0.tgz",
          "integrity": "sha512-MtEC1TqN0EU5nephaJ4rAtThHtC86dNN9qCuEhtshvpVBkAW5ZO7BASN9REnF9eoXGcRub+pFuKEpOHE+HbEMw=="
        },
        "readable-stream": {
          "version": "2.3.6",
          "resolved": "http://registry.npmjs.org/readable-stream/-/readable-stream-2.3.6.tgz",
          "integrity": "sha512-tQtKA9WIAhBF3+VLAseyMqZeBjW0AHJoxOtYqSUZNJxauErmLbVm2FW1y+J/YA9dUrAC39ITejlZWhVIwawkKw==",
          "requires": {
            "core-util-is": "~1.0.0",
            "inherits": "~2.0.3",
            "isarray": "~1.0.0",
            "process-nextick-args": "~2.0.0",
            "safe-buffer": "~5.1.1",
            "string_decoder": "~1.1.1",
            "util-deprecate": "~1.0.1"
          }
        },
        "string_decoder": {
          "version": "1.1.1",
          "resolved": "https://registry.npmjs.org/string_decoder/-/string_decoder-1.1.1.tgz",
          "integrity": "sha512-n/ShnvDi6FHbbVfviro+WojiFzv+s8MPMHBczVePfUpDJLwoLT0ht1l4YwBCbi8pJAveEEdnkHyPyTP/mzRfwg==",
          "requires": {
            "safe-buffer": "~5.1.0"
          }
        }
      }
    },
    "string_decoder": {
      "version": "0.10.31",
      "resolved": "https://registry.npmjs.org/string_decoder/-/string_decoder-0.10.31.tgz",
      "integrity": "sha1-YuIDvEF2bGwoyfyEMB2rHFMQ+pQ="
    },
    "through": {
      "version": "2.3.8",
      "resolved": "http://registry.npmjs.org/through/-/through-2.3.8.tgz",
      "integrity": "sha1-DdTJ/6q8NXlgsbckEV1+Doai4fU="
    },
    "through2": {
      "version": "2.0.3",
      "resolved": "https://registry.npmjs.org/through2/-/through2-2.0.3.tgz",
      "integrity": "sha1-AARWmzfHx0ujnEPzzteNGtlBQL4=",
      "requires": {
        "readable-stream": "^2.1.5",
        "xtend": "~4.0.1"
      },
      "dependencies": {
        "process-nextick-args": {
          "version": "2.0.0",
          "resolved": "https://registry.npmjs.org/process-nextick-args/-/process-nextick-args-2.0.0.tgz",
          "integrity": "sha512-MtEC1TqN0EU5nephaJ4rAtThHtC86dNN9qCuEhtshvpVBkAW5ZO7BASN9REnF9eoXGcRub+pFuKEpOHE+HbEMw=="
        },
        "readable-stream": {
          "version": "2.3.6",
          "resolved": "http://registry.npmjs.org/readable-stream/-/readable-stream-2.3.6.tgz",
          "integrity": "sha512-tQtKA9WIAhBF3+VLAseyMqZeBjW0AHJoxOtYqSUZNJxauErmLbVm2FW1y+J/YA9dUrAC39ITejlZWhVIwawkKw==",
          "requires": {
            "core-util-is": "~1.0.0",
            "inherits": "~2.0.3",
            "isarray": "~1.0.0",
            "process-nextick-args": "~2.0.0",
            "safe-buffer": "~5.1.1",
            "string_decoder": "~1.1.1",
            "util-deprecate": "~1.0.1"
          }
        },
        "string_decoder": {
          "version": "1.1.1",
          "resolved": "https://registry.npmjs.org/string_decoder/-/string_decoder-1.1.1.tgz",
          "integrity": "sha512-n/ShnvDi6FHbbVfviro+WojiFzv+s8MPMHBczVePfUpDJLwoLT0ht1l4YwBCbi8pJAveEEdnkHyPyTP/mzRfwg==",
          "requires": {
            "safe-buffer": "~5.1.0"
          }
        }
      }
    },
    "tiny-inflate": {
      "version": "1.0.2",
      "resolved": "https://registry.npmjs.org/tiny-inflate/-/tiny-inflate-1.0.2.tgz",
      "integrity": "sha1-k9nez/yIBb1X6uQxDwt0Xptvs6c="
    },
    "type-check": {
      "version": "0.3.2",
      "resolved": "https://registry.npmjs.org/type-check/-/type-check-0.3.2.tgz",
      "integrity": "sha1-WITKtRLPHTVeP7eE8wgEsrUg23I=",
      "requires": {
        "prelude-ls": "~1.1.2"
      }
    },
    "typedarray": {
      "version": "0.0.6",
      "resolved": "https://registry.npmjs.org/typedarray/-/typedarray-0.0.6.tgz",
      "integrity": "sha1-hnrHTjhkGHsdPUfZlqeOxciDB3c="
    },
    "underscore": {
      "version": "1.9.1",
      "resolved": "https://registry.npmjs.org/underscore/-/underscore-1.9.1.tgz",
      "integrity": "sha512-5/4etnCkd9c8gwgowi5/om/mYO5ajCaOgdzj/oW+0eQV9WxKBDZw5+ycmKmeaTXjInS/W0BzpGLo2xR2aBwZdg=="
    },
    "unicode-properties": {
      "version": "1.1.0",
      "resolved": "https://registry.npmjs.org/unicode-properties/-/unicode-properties-1.1.0.tgz",
      "integrity": "sha1-epbu9J91aC6mnSMV7smsQ//fAME=",
      "requires": {
        "brfs": "^1.4.0",
        "unicode-trie": "^0.3.0"
      }
    },
    "unicode-trie": {
      "version": "0.3.1",
      "resolved": "https://registry.npmjs.org/unicode-trie/-/unicode-trie-0.3.1.tgz",
      "integrity": "sha1-1nHd3YkQGgi6w3tqUWEBBgIFIIU=",
      "requires": {
        "pako": "^0.2.5",
        "tiny-inflate": "^1.0.0"
      },
      "dependencies": {
        "pako": {
          "version": "0.2.9",
          "resolved": "https://registry.npmjs.org/pako/-/pako-0.2.9.tgz",
          "integrity": "sha1-8/dSL073gjSNqBYbrZ7P1Rv4OnU="
        }
      }
    },
    "util-deprecate": {
      "version": "1.0.2",
      "resolved": "https://registry.npmjs.org/util-deprecate/-/util-deprecate-1.0.2.tgz",
      "integrity": "sha1-RQ1Nyfpw3nMnYvvS1KKJgUGaDM8="
    },
    "vlq": {
      "version": "0.2.3",
      "resolved": "https://registry.npmjs.org/vlq/-/vlq-0.2.3.tgz",
      "integrity": "sha512-DRibZL6DsNhIgYQ+wNdWDL2SL3bKPlVrRiBqV5yuMm++op8W4kGFtaQfCs4KEJn0wBZcHVHJ3eoywX8983k1ow=="
    },
    "wordwrap": {
      "version": "1.0.0",
      "resolved": "https://registry.npmjs.org/wordwrap/-/wordwrap-1.0.0.tgz",
      "integrity": "sha1-J1hIEIkUVqQXHI0CJkQa3pDLyus="
    },
    "xtend": {
      "version": "4.0.1",
      "resolved": "https://registry.npmjs.org/xtend/-/xtend-4.0.1.tgz",
      "integrity": "sha1-pcbVMr5lbiPbgg77lDofBJmNY68="
    }
  }
}
